// !$*UTF8*$!
{
	archiveVersion = 1;
	classes = {
	};
	objectVersion = 50;
	objects = {

/* Begin PBXBuildFile section */
		00E97F9123EA083300AA44D9 /* mycell.swift in Sources */ = {isa = PBXBuildFile; fileRef = 00E97F9023EA083300AA44D9 /* mycell.swift */; };
		00E97F9323EA0D6800AA44D9 /* animal.swift in Sources */ = {isa = PBXBuildFile; fileRef = 00E97F9223EA0D6800AA44D9 /* animal.swift */; };
		00FD095423DF74C200DD34EF /* AppDelegate.swift in Sources */ = {isa = PBXBuildFile; fileRef = 00FD095323DF74C200DD34EF /* AppDelegate.swift */; };
		00FD095623DF74C200DD34EF /* ViewController.swift in Sources */ = {isa = PBXBuildFile; fileRef = 00FD095523DF74C200DD34EF /* ViewController.swift */; };
		00FD095923DF74C200DD34EF /* Main.storyboard in Resources */ = {isa = PBXBuildFile; fileRef = 00FD095723DF74C200DD34EF /* Main.storyboard */; };
		00FD095B23DF74C300DD34EF /* Assets.xcassets in Resources */ = {isa = PBXBuildFile; fileRef = 00FD095A23DF74C300DD34EF /* Assets.xcassets */; };
		00FD095E23DF74C300DD34EF /* LaunchScreen.storyboard in Resources */ = {isa = PBXBuildFile; fileRef = 00FD095C23DF74C300DD34EF /* LaunchScreen.storyboard */; };
		00FD096623DF7BA300DD34EF /* ViewController2.swift in Sources */ = {isa = PBXBuildFile; fileRef = 00FD096523DF7BA300DD34EF /* ViewController2.swift */; };
/* End PBXBuildFile section */

/* Begin PBXFileReference section */
		00E97F9023EA083300AA44D9 /* mycell.swift */ = {isa = PBXFileReference; lastKnownFileType = sourcecode.swift; path = mycell.swift; sourceTree = "<group>"; };
		00E97F9223EA0D6800AA44D9 /* animal.swift */ = {isa = PBXFileReference; lastKnownFileType = sourcecode.swift; path = animal.swift; sourceTree = "<group>"; };
		00FD095023DF74C200DD34EF /* zoo.app */ = {isa = PBXFileReference; explicitFileType = wrapper.application; includeInIndex = 0; path = zoo.app; sourceTree = BUILT_PRODUCTS_DIR; };
		00FD095323DF74C200DD34EF /* AppDelegate.swift */ = {isa = PBXFileReference; lastKnownFileType = sourcecode.swift; path = AppDelegate.swift; sourceTree = "<group>"; };
		00FD095523DF74C200DD34EF /* ViewController.swift */ = {isa = PBXFileReference; lastKnownFileType = sourcecode.swift; path = ViewController.swift; sourceTree = "<group>"; };
		00FD095823DF74C200DD34EF /* Base */ = {isa = PBXFileReference; lastKnownFileType = file.storyboard; name = Base; path = Base.lproj/Main.storyboard; sourceTree = "<group>"; };
		00FD095A23DF74C300DD34EF /* Assets.xcassets */ = {isa = PBXFileReference; lastKnownFileType = folder.assetcatalog; path = Assets.xcassets; sourceTree = "<group>"; };
		00FD095D23DF74C300DD34EF /* Base */ = {isa = PBXFileReference; lastKnownFileType = file.storyboard; name = Base; path = Base.lproj/LaunchScreen.storyboard; sourceTree = "<group>"; };
		00FD095F23DF74C300DD34EF /* Info.plist */ = {isa = PBXFileReference; lastKnownFileType = text.plist.xml; path = Info.plist; sourceTree = "<group>"; };
		00FD096523DF7BA300DD34EF /* ViewController2.swift */ = {isa = PBXFileReference; lastKnownFileType = sourcecode.swift; path = ViewController2.swift; sourceTree = "<group>"; };
/* End PBXFileReference section */

/* Begin PBXFrameworksBuildPhase section */
		00FD094D23DF74C200DD34EF /* Frameworks */ = {
			isa = PBXFrameworksBuildPhase;
			buildActionMask = 2147483647;
			files = (
			);
			runOnlyForDeploymentPostprocessing = 0;
		};
/* End PBXFrameworksBuildPhase section */

/* Begin PBXGroup section */
		00FD094723DF74C200DD34EF = {
			isa = PBXGroup;
			children = (
				00FD095223DF74C200DD34EF /* zoo */,
				00FD095123DF74C200DD34EF /* Products */,
			);
			sourceTree = "<group>";
		};
		00FD095123DF74C200DD34EF /* Products */ = {
			isa = PBXGroup;
			children = (
				00FD095023DF74C200DD34EF /* zoo.app */,
			);
			name = Products;
			sourceTree = "<group>";
		};
		00FD095223DF74C200DD34EF /* zoo */ = {
			isa = PBXGroup;
			children = (
				00FD095323DF74C200DD34EF /* AppDelegate.swift */,
				00FD095523DF74C200DD34EF /* ViewController.swift */,
				00FD095723DF74C200DD34EF /* Main.storyboard */,
				00E97F9223EA0D6800AA44D9 /* animal.swift */,
				00E97F9023EA083300AA44D9 /* mycell.swift */,
				00FD096523DF7BA300DD34EF /* ViewController2.swift */,
				00FD095A23DF74C300DD34EF /* Assets.xcassets */,
				00FD095C23DF74C300DD34EF /* LaunchScreen.storyboard */,
				00FD095F23DF74C300DD34EF /* Info.plist */,
			);
			path = zoo;
			sourceTree = "<group>";
		};
/* End PBXGroup section */

/* Begin PBXNativeTarget section */
		00FD094F23DF74C200DD34EF /* zoo */ = {
			isa = PBXNativeTarget;
			buildConfigurationList = 00FD096223DF74C300DD34EF /* Build configuration list for PBXNativeTarget "zoo" */;
			buildPhases = (
				00FD094C23DF74C200DD34EF /* Sources */,
				00FD094D23DF74C200DD34EF /* Frameworks */,
				00FD094E23DF74C200DD34EF /* Resources */,
			);
			buildRules = (
			);
			dependencies = (
			);
			name = zoo;
			productName = zoo;
			productReference = 00FD095023DF74C200DD34EF /* zoo.app */;
			productType = "com.apple.product-type.application";
		};
/* End PBXNativeTarget section */

/* Begin PBXProject section */
		00FD094823DF74C200DD34EF /* Project object */ = {
			isa = PBXProject;
			attributes = {
				LastSwiftUpdateCheck = 1000;
				LastUpgradeCheck = 1000;
				ORGANIZATIONNAME = hadwa;
				TargetAttributes = {
					00FD094F23DF74C200DD34EF = {
						CreatedOnToolsVersion = 10.0;
					};
				};
			};
			buildConfigurationList = 00FD094B23DF74C200DD34EF /* Build configuration list for PBXProject "zoo" */;
			compatibilityVersion = "Xcode 9.3";
			developmentRegion = en;
			hasScannedForEncodings = 0;
			knownRegions = (
				en,
				Base,
			);
			mainGroup = 00FD094723DF74C200DD34EF;
			productRefGroup = 00FD095123DF74C200DD34EF /* Products */;
			projectDirPath = "";
			projectRoot = "";
			targets = (
				00FD094F23DF74C200DD34EF /* zoo */,
			);
		};
/* End PBXProject section */

/* Begin PBXResourcesBuildPhase section */
		00FD094E23DF74C200DD34EF /* Resources */ = {
			isa = PBXResourcesBuildPhase;
			buildActionMask = 2147483647;
			files = (
				00FD095E23DF74C300DD34EF /* LaunchScreen.storyboard in Resources */,
				00FD095B23DF74C300DD34EF /* Assets.xcassets in Resources */,
				00FD095923DF74C200DD34EF /* Main.storyboard in Resources */,
			);
			runOnlyForDeploymentPostprocessing = 0;
		};
/* End PBXResourcesBuildPhase section */

/* Begin PBXSourcesBuildPhase section */
		00FD094C23DF74C200DD34EF /* Sources */ = {
			isa = PBXSourcesBuildPhase;
			buildActionMask = 2147483647;
			files = (
				00FD095623DF74C200DD34EF /* ViewController.swift in Sources */,
				00E97F9123EA083300AA44D9 /* mycell.swift in Sources */,
				00FD095423DF74C200DD34EF /* AppDelegate.swift in Sources */,
				00FD096623DF7BA300DD34EF /* ViewController2.swift in Sources */,
				00E97F9323EA0D6800AA44D9 /* animal.swift in Sources */,
			);
			runOnlyForDeploymentPostprocessing = 0;
		};
/* End PBXSourcesBuildPhase section */

/* Begin PBXVariantGroup section */
		00FD095723DF74C200DD34EF /* Main.storyboard */ = {
			isa = PBXVariantGroup;
			children = (
				00FD095823DF74C200DD34EF /* Base */,
			);
			name = Main.storyboard;
			sourceTree = "<group>";
		};
		00FD095C23DF74C300DD34EF /* LaunchScreen.storyboard */ = {
			isa = PBXVariantGroup;
			children = (
				00FD095D23DF74C300DD34EF /* Base */,
			);
			name = LaunchScreen.storyboard;
			sourceTree = "<group>";
		};
/* End PBXVariantGroup section */

/* Begin XCBuildConfiguration section */
		00FD096023DF74C300DD34EF /* Debug */ = {
			isa = XCBuildConfiguration;
			buildSettings = {
				ALWAYS_SEARCH_USER_PATHS = NO;
				CLANG_ANALYZER_NONNULL = YES;
				CLANG_ANALYZER_NUMBER_OBJECT_CONVERSION = YES_AGGRESSIVE;
				CLANG_CXX_LANGUAGE_STANDARD = "gnu++14";
				CLANG_CXX_LIBRARY = "libc++";
				CLANG_ENABLE_MODULES = YES;
				CLANG_ENABLE_OBJC_ARC = YES;
				CLANG_ENABLE_OBJC_WEAK = YES;
				CLANG_WARN_BLOCK_CAPTURE_AUTORELEASING = YES;
				CLANG_WARN_BOOL_CONVERSION = YES;
				CLANG_WARN_COMMA = YES;
				CLANG_WARN_CONSTANT_CONVERSION = YES;
				CLANG_WARN_DEPRECATED_OBJC_IMPLEMENTATIONS = YES;
				CLANG_WARN_DIRECT_OBJC_ISA_USAGE = YES_ERROR;
				CLANG_WARN_DOCUMENTATION_COMMENTS = YES;
				CLANG_WARN_EMPTY_BODY = YES;
				CLANG_WARN_ENUM_CONVERSION = YES;
				CLANG_WARN_INFINITE_RECURSION = YES;
				CLANG_WARN_INT_CONVERSION = YES;
				CLANG_WARN_NON_LITERAL_NULL_CONVERSION = YES;
				CLANG_WARN_OBJC_IMPLICIT_RETAIN_SELF = YES;
				CLANG_WARN_OBJC_LITERAL_CONVERSION = YES;
				CLANG_WARN_OBJC_ROOT_CLASS = YES_ERROR;
				CLANG_WARN_RANGE_LOOP_ANALYSIS = YES;
				CLANG_WARN_STRICT_PROTOTYPES = YES;
				CLANG_WARN_SUSPICIOUS_MOVE = YES;
				CLANG_WARN_UNGUARDED_AVAILABILITY = YES_AGGRESSIVE;
				CLANG_WARN_UNREACHABLE_CODE = YES;
				CLANG_WARN__DUPLICATE_METHOD_MATCH = YES;
				CODE_SIGN_IDENTITY = "iPhone Developer";
				COPY_PHASE_STRIP = NO;
				DEBUG_INFORMATION_FORMAT = dwarf;
				ENABLE_STRICT_OBJC_MSGSEND = YES;
				ENABLE_TESTABILITY = YES;
				GCC_C_LANGUAGE_STANDARD = gnu11;
				GCC_DYNAMIC_NO_PIC = NO;
				GCC_NO_COMMON_BLOCKS = YES;
				GCC_OPTIMIZATION_LEVEL = 0;
				GCC_PREPROCESSOR_DEFINITIONS = (
					"DEBUG=1",
					"$(inherited)",
				);
				GCC_WARN_64_TO_32_BIT_CONVERSION = YES;
				GCC_WARN_ABOUT_RETURN_TYPE = YES_ERROR;
				GCC_WARN_UNDECLARED_SELECTOR = YES;
				GCC_WARN_UNINITIALIZED_AUTOS = YES_AGGRESSIVE;
				GCC_WARN_UNUSED_FUNCTION = YES;
				GCC_WARN_UNUSED_VARIABLE = YES;
				IPHONEOS_DEPLOYMENT_TARGET = 12.0;
				MTL_ENABLE_DEBUG_INFO = INCLUDE_SOURCE;
				MTL_FAST_MATH = YES;
				ONLY_ACTIVE_ARCH = YES;
				SDKROOT = iphoneos;
				SWIFT_ACTIVE_COMPILATION_CONDITIONS = DEBUG;
				SWIFT_OPTIMIZATION_LEVEL = "-Onone";
			};
			name = Debug;
		};
		00FD096123DF74C300DD34EF /* Release */ = {
			isa = XCBuildConfiguration;
			buildSettings = {
				ALWAYS_SEARCH_USER_PATHS = NO;
				CLANG_ANALYZER_NONNULL = YES;
				CLANG_ANALYZER_NUMBER_OBJECT_CONVERSION = YES_AGGRESSIVE;
				CLANG_CXX_LANGUAGE_STANDARD = "gnu++14";
				CLANG_CXX_LIBRARY = "libc++";
				CLANG_ENABLE_MODULES = YES;
				CLANG_ENABLE_OBJC_ARC = YES;
				CLANG_ENABLE_OBJC_WEAK = YES;
				CLANG_WARN_BLOCK_CAPTURE_AUTORELEASING = YES;
				CLANG_WARN_BOOL_CONVERSION = YES;
				CLANG_WARN_COMMA = YES;
				CLANG_WARN_CONSTANT_CONVERSION = YES;
				CLANG_WARN_DEPRECATED_OBJC_IMPLEMENTATIONS = YES;
				CLANG_WARN_DIRECT_OBJC_ISA_USAGE = YES_ERROR;
				CLANG_WARN_DOCUMENTATION_COMMENTS = YES;
				CLANG_WARN_EMPTY_BODY = YES;
				CLANG_WARN_ENUM_CONVERSION = YES;
				CLANG_WARN_INFINITE_RECURSION = YES;
				CLANG_WARN_INT_CONVERSION = YES;
				CLANG_WARN_NON_LITERAL_NULL_CONVERSION = YES;
				CLANG_WARN_OBJC_IMPLICIT_RETAIN_SELF = YES;
				CLANG_WARN_OBJC_LITERAL_CONVERSION = YES;
				CLANG_WARN_OBJC_ROOT_CLASS = YES_ERROR;
				CLANG_WARN_RANGE_LOOP_ANALYSIS = YES;
				CLANG_WARN_STRICT_PROTOTYPES = YES;
				CLANG_WARN_SUSPICIOUS_MOVE = YES;
				CLANG_WARN_UNGUARDED_AVAILABILITY = YES_AGGRESSIVE;
				CLANG_WARN_UNREACHABLE_CODE = YES;
				CLANG_WARN__DUPLICATE_METHOD_MATCH = YES;
				CODE_SIGN_IDENTITY = "iPhone Developer";
				COPY_PHASE_STRIP = NO;
				DEBUG_INFORMATION_FORMAT = "dwarf-with-dsym";
				ENABLE_NS_ASSERTIONS = NO;
				ENABLE_STRICT_OBJC_MSGSEND = YES;
				GCC_C_LANGUAGE_STANDARD = gnu11;
				GCC_NO_COMMON_BLOCKS = YES;
				GCC_WARN_64_TO_32_BIT_CONVERSION = YES;
				GCC_WARN_ABOUT_RETURN_TYPE = YES_ERROR;
				GCC_WARN_UNDECLARED_SELECTOR = YES;
				GCC_WARN_UNINITIALIZED_AUTOS = YES_AGGRESSIVE;
				GCC_WARN_UNUSED_FUNCTION = YES;
				GCC_WARN_UNUSED_VARIABLE = YES;
				IPHONEOS_DEPLOYMENT_TARGET = 12.0;
				MTL_ENABLE_DEBUG_INFO = NO;
				MTL_FAST_MATH = YES;
				SDKROOT = iphoneos;
				SWIFT_COMPILATION_MODE = wholemodule;
				SWIFT_OPTIMIZATION_LEVEL = "-O";
				VALIDATE_PRODUCT = YES;
			};
			name = Release;
		};
		00FD096323DF74C300DD34EF /* Debug */ = {
			isa = XCBuildConfiguration;
			buildSettings = {
				ASSETCATALOG_COMPILER_APPICON_NAME = AppIcon;
				CODE_SIGN_STYLE = Automatic;
				DEVELOPMENT_TEAM = BN3667NN2B;
				INFOPLIST_FILE = zoo/Info.plist;
				LD_RUNPATH_SEARCH_PATHS = (
					"$(inherited)",
					"@executable_path/Frameworks",
				);
				PRODUCT_BUNDLE_IDENTIFIER = com.mody.hadwa.sad.zoo;
				PRODUCT_NAME = "$(TARGET_NAME)";
				SWIFT_VERSION = 4.2;
				TARGETED_DEVICE_FAMILY = "1,2";
			};
			name = Debug;
		};
		00FD096423DF74C300DD34EF /* Release */ = {
			isa = XCBuildConfiguration;
			buildSettings = {
				ASSETCATALOG_COMPILER_APPICON_NAME = AppIcon;
				CODE_SIGN_STYLE = Automatic;
				DEVELOPMENT_TEAM = BN3667NN2B;
				INFOPLIST_FILE = zoo/Info.plist;
				LD_RUNPATH_SEARCH_PATHS = (
					"$(inherited)",
					"@executable_path/Frameworks",
				);
				PRODUCT_BUNDLE_IDENTIFIER = com.mody.hadwa.sad.zoo;
				PRODUCT_NAME = "$(TARGET_NAME)";
				SWIFT_VERSION = 4.2;
				TARGETED_DEVICE_FAMILY = "1,2";
			};
			name = Release;
		};
/* End XCBuildConfiguration section */

/* Begin XCConfigurationList section */
		00FD094B23DF74C200DD34EF /* Build configuration list for PBXProject "zoo" */ = {
			isa = XCConfigurationList;
			buildConfigurations = (
				00FD096023DF74C300DD34EF /* Debug */,
				00FD096123DF74C300DD34EF /* Release */,
			);
			defaultConfigurationIsVisible = 0;
			defaultConfigurationName = Release;
		};
		00FD096223DF74C300DD34EF /* Build configuration list for PBXNativeTarget "zoo" */ = {
			isa = XCConfigurationList;
			buildConfigurations = (
				00FD096323DF74C300DD34EF /* Debug */,
				00FD096423DF74C300DD34EF /* Release */,
			);
			defaultConfigurationIsVisible = 0;
			defaultConfigurationName = Release;
		};
/* End XCConfigurationList section */
	};
	rootObject = 00FD094823DF74C200DD34EF /* Project object */;
}
